
Microsoft Visual Studio Solution File, Format Version 12.00
# Visual Studio 15
VisualStudioVersion = 15.0.28307.271
MinimumVisualStudioVersion = 10.0.40219.1
Project("{FAE04EC0-301F-11D3-BF4B-00C04F79EFBC}") = "IntersectionII", "IntersectionII\IntersectionII.csproj", "{3F3414BA-CD54-4CF3-9128-8976F0D802B6}"
EndProject
Project("{FAE04EC0-301F-11D3-BF4B-00C04F79EFBC}") = "SolutionTest", "SolutionTest\SolutionTest.csproj", "{EBEB48B1-C590-4F5D-BD02-14A5469A35E6}"
EndProject
Global
	GlobalSection(SolutionConfigurationPlatforms) = preSolution
		Debug|Any CPU = Debug|Any CPU
		Release|Any CPU = Release|Any CPU
	EndGlobalSection
	GlobalSection(ProjectConfigurationPlatforms) = postSolution
		{3F3414BA-CD54-4CF3-9128-8976F0D802B6}.Debug|Any CPU.ActiveCfg = Debug|Any CPU
		{3F3414BA-CD54-4CF3-9128-8976F0D802B6}.Debug|Any CPU.Build.0 = Debug|Any CPU
		{3F3414BA-CD54-4CF3-9128-8976F0D802B6}.Release|Any CPU.ActiveCfg = Release|Any CPU
		{3F3414BA-CD54-4CF3-9128-8976F0D802B6}.Release|Any CPU.Build.0 = Release|Any CPU
		{EBEB48B1-C590-4F5D-BD02-14A5469A35E6}.Debug|Any CPU.ActiveCfg = Debug|Any CPU
		{EBEB48B1-C590-4F5D-BD02-14A5469A35E6}.Debug|Any CPU.Build.0 = Debug|Any CPU
		{EBEB48B1-C590-4F5D-BD02-14A5469A35E6}.Release|Any CPU.ActiveCfg = Release|Any CPU
		{EBEB48B1-C590-4F5D-BD02-14A5469A35E6}.Release|Any CPU.Build.0 = Release|Any CPU
	EndGlobalSection
	GlobalSection(SolutionProperties) = preSolution
		HideSolutionNode = FALSE
	EndGlobalSection
	GlobalSection(ExtensibilityGlobals) = postSolution
		SolutionGuid = {F6E26A81-D6BA-4B3B-A3D0-FFC7EA622153}
	EndGlobalSection
EndGlobal
