
Microsoft Visual Studio Solution File, Format Version 12.00
# Visual Studio 15
VisualStudioVersion = 15.0.28307.271
MinimumVisualStudioVersion = 10.0.40219.1
Project("{FAE04EC0-301F-11D3-BF4B-00C04F79EFBC}") = "PalindromeNumber", "PalindromeNumber\PalindromeNumber.csproj", "{B506FC47-083A-435A-970D-087DBA0A8A92}"
EndProject
Project("{FAE04EC0-301F-11D3-BF4B-00C04F79EFBC}") = "UnitTestProject1", "UnitTestProject1\UnitTestProject1.csproj", "{2004C5DF-6ED3-4FEC-881D-C8C9CB9A825D}"
EndProject
Global
	GlobalSection(SolutionConfigurationPlatforms) = preSolution
		Debug|Any CPU = Debug|Any CPU
		Release|Any CPU = Release|Any CPU
	EndGlobalSection
	GlobalSection(ProjectConfigurationPlatforms) = postSolution
		{B506FC47-083A-435A-970D-087DBA0A8A92}.Debug|Any CPU.ActiveCfg = Debug|Any CPU
		{B506FC47-083A-435A-970D-087DBA0A8A92}.Debug|Any CPU.Build.0 = Debug|Any CPU
		{B506FC47-083A-435A-970D-087DBA0A8A92}.Release|Any CPU.ActiveCfg = Release|Any CPU
		{B506FC47-083A-435A-970D-087DBA0A8A92}.Release|Any CPU.Build.0 = Release|Any CPU
		{2004C5DF-6ED3-4FEC-881D-C8C9CB9A825D}.Debug|Any CPU.ActiveCfg = Debug|Any CPU
		{2004C5DF-6ED3-4FEC-881D-C8C9CB9A825D}.Debug|Any CPU.Build.0 = Debug|Any CPU
		{2004C5DF-6ED3-4FEC-881D-C8C9CB9A825D}.Release|Any CPU.ActiveCfg = Release|Any CPU
		{2004C5DF-6ED3-4FEC-881D-C8C9CB9A825D}.Release|Any CPU.Build.0 = Release|Any CPU
	EndGlobalSection
	GlobalSection(SolutionProperties) = preSolution
		HideSolutionNode = FALSE
	EndGlobalSection
	GlobalSection(ExtensibilityGlobals) = postSolution
		SolutionGuid = {7D0278EB-D3F2-4F36-A113-AA45EDAEA75A}
	EndGlobalSection
EndGlobal
