
Microsoft Visual Studio Solution File, Format Version 12.00
# Visual Studio Version 17
VisualStudioVersion = 17.5.33516.290
MinimumVisualStudioVersion = 10.0.40219.1
Project("{FAE04EC0-301F-11D3-BF4B-00C04F79EFBC}") = "0682-BaseballGame", "0682-BaseballGame\0682-BaseballGame.csproj", "{CAD92658-0428-4752-A47F-1C78FDD07C34}"
EndProject
Project("{FAE04EC0-301F-11D3-BF4B-00C04F79EFBC}") = "TestProject1", "TestProject1\TestProject1.csproj", "{C2BE617E-FD06-467B-BE09-6E0B4B089F77}"
EndProject
Global
	GlobalSection(SolutionConfigurationPlatforms) = preSolution
		Debug|Any CPU = Debug|Any CPU
		Release|Any CPU = Release|Any CPU
	EndGlobalSection
	GlobalSection(ProjectConfigurationPlatforms) = postSolution
		{CAD92658-0428-4752-A47F-1C78FDD07C34}.Debug|Any CPU.ActiveCfg = Debug|Any CPU
		{CAD92658-0428-4752-A47F-1C78FDD07C34}.Debug|Any CPU.Build.0 = Debug|Any CPU
		{CAD92658-0428-4752-A47F-1C78FDD07C34}.Release|Any CPU.ActiveCfg = Release|Any CPU
		{CAD92658-0428-4752-A47F-1C78FDD07C34}.Release|Any CPU.Build.0 = Release|Any CPU
		{C2BE617E-FD06-467B-BE09-6E0B4B089F77}.Debug|Any CPU.ActiveCfg = Debug|Any CPU
		{C2BE617E-FD06-467B-BE09-6E0B4B089F77}.Debug|Any CPU.Build.0 = Debug|Any CPU
		{C2BE617E-FD06-467B-BE09-6E0B4B089F77}.Release|Any CPU.ActiveCfg = Release|Any CPU
		{C2BE617E-FD06-467B-BE09-6E0B4B089F77}.Release|Any CPU.Build.0 = Release|Any CPU
	EndGlobalSection
	GlobalSection(SolutionProperties) = preSolution
		HideSolutionNode = FALSE
	EndGlobalSection
	GlobalSection(ExtensibilityGlobals) = postSolution
		SolutionGuid = {CA7EAA82-415A-456B-BF3B-110715ADDACD}
	EndGlobalSection
EndGlobal
