
Microsoft Visual Studio Solution File, Format Version 12.00
# Visual Studio 15
VisualStudioVersion = 15.0.28307.271
MinimumVisualStudioVersion = 10.0.40219.1
Project("{FAE04EC0-301F-11D3-BF4B-00C04F79EFBC}") = "Intersection", "Intersection\Intersection.csproj", "{13B32CA6-CF44-446C-8028-67864C156E1F}"
EndProject
Project("{FAE04EC0-301F-11D3-BF4B-00C04F79EFBC}") = "IntersectionTest", "IntersectionTest\IntersectionTest.csproj", "{5264703C-1614-42A4-9966-AAE4687FAF6C}"
EndProject
Global
	GlobalSection(SolutionConfigurationPlatforms) = preSolution
		Debug|Any CPU = Debug|Any CPU
		Release|Any CPU = Release|Any CPU
	EndGlobalSection
	GlobalSection(ProjectConfigurationPlatforms) = postSolution
		{13B32CA6-CF44-446C-8028-67864C156E1F}.Debug|Any CPU.ActiveCfg = Debug|Any CPU
		{13B32CA6-CF44-446C-8028-67864C156E1F}.Debug|Any CPU.Build.0 = Debug|Any CPU
		{13B32CA6-CF44-446C-8028-67864C156E1F}.Release|Any CPU.ActiveCfg = Release|Any CPU
		{13B32CA6-CF44-446C-8028-67864C156E1F}.Release|Any CPU.Build.0 = Release|Any CPU
		{5264703C-1614-42A4-9966-AAE4687FAF6C}.Debug|Any CPU.ActiveCfg = Debug|Any CPU
		{5264703C-1614-42A4-9966-AAE4687FAF6C}.Debug|Any CPU.Build.0 = Debug|Any CPU
		{5264703C-1614-42A4-9966-AAE4687FAF6C}.Release|Any CPU.ActiveCfg = Release|Any CPU
		{5264703C-1614-42A4-9966-AAE4687FAF6C}.Release|Any CPU.Build.0 = Release|Any CPU
	EndGlobalSection
	GlobalSection(SolutionProperties) = preSolution
		HideSolutionNode = FALSE
	EndGlobalSection
	GlobalSection(ExtensibilityGlobals) = postSolution
		SolutionGuid = {2014A300-2B4F-4D71-9642-F5162596D186}
	EndGlobalSection
EndGlobal
