
Microsoft Visual Studio Solution File, Format Version 12.00
# Visual Studio 15
VisualStudioVersion = 15.0.28307.271
MinimumVisualStudioVersion = 10.0.40219.1
Project("{FAE04EC0-301F-11D3-BF4B-00C04F79EFBC}") = "LongestCommonPrefix", "LongestCommonPrefix\LongestCommonPrefix.csproj", "{3AAA7EDF-9A32-4C70-98AE-139716BD86F7}"
EndProject
Project("{FAE04EC0-301F-11D3-BF4B-00C04F79EFBC}") = "LongestCommonPrefixTest", "LongestCommonPrefixTest\LongestCommonPrefixTest.csproj", "{E4B65415-8049-406D-BEB0-BEB83DE3912F}"
EndProject
Global
	GlobalSection(SolutionConfigurationPlatforms) = preSolution
		Debug|Any CPU = Debug|Any CPU
		Release|Any CPU = Release|Any CPU
	EndGlobalSection
	GlobalSection(ProjectConfigurationPlatforms) = postSolution
		{3AAA7EDF-9A32-4C70-98AE-139716BD86F7}.Debug|Any CPU.ActiveCfg = Debug|Any CPU
		{3AAA7EDF-9A32-4C70-98AE-139716BD86F7}.Debug|Any CPU.Build.0 = Debug|Any CPU
		{3AAA7EDF-9A32-4C70-98AE-139716BD86F7}.Release|Any CPU.ActiveCfg = Release|Any CPU
		{3AAA7EDF-9A32-4C70-98AE-139716BD86F7}.Release|Any CPU.Build.0 = Release|Any CPU
		{E4B65415-8049-406D-BEB0-BEB83DE3912F}.Debug|Any CPU.ActiveCfg = Debug|Any CPU
		{E4B65415-8049-406D-BEB0-BEB83DE3912F}.Debug|Any CPU.Build.0 = Debug|Any CPU
		{E4B65415-8049-406D-BEB0-BEB83DE3912F}.Release|Any CPU.ActiveCfg = Release|Any CPU
		{E4B65415-8049-406D-BEB0-BEB83DE3912F}.Release|Any CPU.Build.0 = Release|Any CPU
	EndGlobalSection
	GlobalSection(SolutionProperties) = preSolution
		HideSolutionNode = FALSE
	EndGlobalSection
	GlobalSection(ExtensibilityGlobals) = postSolution
		SolutionGuid = {446FD42F-159A-4162-B3B9-FF13321F3FF0}
	EndGlobalSection
EndGlobal
