
Microsoft Visual Studio Solution File, Format Version 12.00
# Visual Studio 15
VisualStudioVersion = 15.0.28307.271
MinimumVisualStudioVersion = 10.0.40219.1
Project("{FAE04EC0-301F-11D3-BF4B-00C04F79EFBC}") = "Sqrt", "Sqrt\Sqrt.csproj", "{2739418A-9F60-4FE0-BD73-B5AE685A24EC}"
EndProject
Project("{FAE04EC0-301F-11D3-BF4B-00C04F79EFBC}") = "SqrtTest", "SqrtTest\SqrtTest.csproj", "{A845CE43-EA5B-474E-BE44-6AEFAD263B83}"
EndProject
Global
	GlobalSection(SolutionConfigurationPlatforms) = preSolution
		Debug|Any CPU = Debug|Any CPU
		Release|Any CPU = Release|Any CPU
	EndGlobalSection
	GlobalSection(ProjectConfigurationPlatforms) = postSolution
		{2739418A-9F60-4FE0-BD73-B5AE685A24EC}.Debug|Any CPU.ActiveCfg = Debug|Any CPU
		{2739418A-9F60-4FE0-BD73-B5AE685A24EC}.Debug|Any CPU.Build.0 = Debug|Any CPU
		{2739418A-9F60-4FE0-BD73-B5AE685A24EC}.Release|Any CPU.ActiveCfg = Release|Any CPU
		{2739418A-9F60-4FE0-BD73-B5AE685A24EC}.Release|Any CPU.Build.0 = Release|Any CPU
		{A845CE43-EA5B-474E-BE44-6AEFAD263B83}.Debug|Any CPU.ActiveCfg = Debug|Any CPU
		{A845CE43-EA5B-474E-BE44-6AEFAD263B83}.Debug|Any CPU.Build.0 = Debug|Any CPU
		{A845CE43-EA5B-474E-BE44-6AEFAD263B83}.Release|Any CPU.ActiveCfg = Release|Any CPU
		{A845CE43-EA5B-474E-BE44-6AEFAD263B83}.Release|Any CPU.Build.0 = Release|Any CPU
	EndGlobalSection
	GlobalSection(SolutionProperties) = preSolution
		HideSolutionNode = FALSE
	EndGlobalSection
	GlobalSection(ExtensibilityGlobals) = postSolution
		SolutionGuid = {7C72B3E9-C374-432D-B824-57D4E82B324E}
	EndGlobalSection
EndGlobal
