
Microsoft Visual Studio Solution File, Format Version 12.00
# Visual Studio 15
VisualStudioVersion = 15.0.28307.271
MinimumVisualStudioVersion = 10.0.40219.1
Project("{FAE04EC0-301F-11D3-BF4B-00C04F79EFBC}") = "PowerOfTwo", "PowerOfTwo\PowerOfTwo.csproj", "{68DF90C7-EAA5-4620-BAA1-DD97A923F2C1}"
EndProject
Global
	GlobalSection(SolutionConfigurationPlatforms) = preSolution
		Debug|Any CPU = Debug|Any CPU
		Release|Any CPU = Release|Any CPU
	EndGlobalSection
	GlobalSection(ProjectConfigurationPlatforms) = postSolution
		{68DF90C7-EAA5-4620-BAA1-DD97A923F2C1}.Debug|Any CPU.ActiveCfg = Debug|Any CPU
		{68DF90C7-EAA5-4620-BAA1-DD97A923F2C1}.Debug|Any CPU.Build.0 = Debug|Any CPU
		{68DF90C7-EAA5-4620-BAA1-DD97A923F2C1}.Release|Any CPU.ActiveCfg = Release|Any CPU
		{68DF90C7-EAA5-4620-BAA1-DD97A923F2C1}.Release|Any CPU.Build.0 = Release|Any CPU
	EndGlobalSection
	GlobalSection(SolutionProperties) = preSolution
		HideSolutionNode = FALSE
	EndGlobalSection
	GlobalSection(ExtensibilityGlobals) = postSolution
		SolutionGuid = {174BEDE6-65AD-4906-BE98-8413084DC456}
	EndGlobalSection
EndGlobal
