
Microsoft Visual Studio Solution File, Format Version 12.00
# Visual Studio 15
VisualStudioVersion = 15.0.28307.271
MinimumVisualStudioVersion = 10.0.40219.1
Project("{FAE04EC0-301F-11D3-BF4B-00C04F79EFBC}") = "0278.BadVersion", "0278.BadVersion\0278.BadVersion.csproj", "{E405D812-84DB-43BC-B382-2DA42A6A38A9}"
EndProject
Global
	GlobalSection(SolutionConfigurationPlatforms) = preSolution
		Debug|Any CPU = Debug|Any CPU
		Release|Any CPU = Release|Any CPU
	EndGlobalSection
	GlobalSection(ProjectConfigurationPlatforms) = postSolution
		{E405D812-84DB-43BC-B382-2DA42A6A38A9}.Debug|Any CPU.ActiveCfg = Debug|Any CPU
		{E405D812-84DB-43BC-B382-2DA42A6A38A9}.Debug|Any CPU.Build.0 = Debug|Any CPU
		{E405D812-84DB-43BC-B382-2DA42A6A38A9}.Release|Any CPU.ActiveCfg = Release|Any CPU
		{E405D812-84DB-43BC-B382-2DA42A6A38A9}.Release|Any CPU.Build.0 = Release|Any CPU
	EndGlobalSection
	GlobalSection(SolutionProperties) = preSolution
		HideSolutionNode = FALSE
	EndGlobalSection
	GlobalSection(ExtensibilityGlobals) = postSolution
		SolutionGuid = {7EC1396B-E0E3-499D-A260-D51EA5030EC2}
	EndGlobalSection
EndGlobal
